<?xml version="1.0" encoding="utf-8"?>
<Project ToolsVersion="4.0" xmlns="http://schemas.microsoft.com/developer/msbuild/2003">
  <ItemGroup>
    <Filter Include="Project Files">
      <UniqueIdentifier>{4FC737F1-C7A5-4376-A066-2A32D752A2FF}</UniqueIdentifier>
      <Extensions>cpp;c;cc;cxx;c++;cppm;ixx;def;odl;idl;hpj;bat;asm;asmx</Extensions>
    </Filter>
    <Filter Include="Project Files\3rdParty">
      <UniqueIdentifier>{d9b502b9-8e9e-4fed-b38f-8b7da8aca5fd}</UniqueIdentifier>
    </Filter>
  </ItemGroup>
  <ItemGroup>
    <ClCompile Include="main.cxx">
      <Filter>Project Files</Filter>
    </ClCompile>
  </ItemGroup>
  <ItemGroup>
    <ClInclude Include="3rdParty\umHalf.h">
      <Filter>Project Files\3rdParty</Filter>
    </ClInclude>
  </ItemGroup>
  <ItemGroup>
    <None Include="3rdParty\umHalf.inl">
      <Filter>Project Files\3rdParty</Filter>
    </None>
  </ItemGroup>
</Project>